// !$*UTF8*$!
{
	archiveVersion = 1;
	classes = {
	};
	objectVersion = 46;
	objects = {

/* Begin PBXBuildFile section */
		D6D4F6411E082C49008FE720 /* AppDelegate.swift in Sources */ = {isa = PBXBuildFile; fileRef = D6D4F6401E082C49008FE720 /* AppDelegate.swift */; };
		D6D4F6431E082C49008FE720 /* ViewController.swift in Sources */ = {isa = PBXBuildFile; fileRef = D6D4F6421E082C49008FE720 /* ViewController.swift */; };
		D6D4F6451E082C49008FE720 /* Assets.xcassets in Resources */ = {isa = PBXBuildFile; fileRef = D6D4F6441E082C49008FE720 /* Assets.xcassets */; };
		D6D4F6481E082C49008FE720 /* Main.storyboard in Resources */ = {isa = PBXBuildFile; fileRef = D6D4F6461E082C49008FE720 /* Main.storyboard */; };
		D6D4F6561E082CC3008FE720 /* Cocoa.framework in Frameworks */ = {isa = PBXBuildFile; fileRef = D6D4F6551E082CC3008FE720 /* Cocoa.framework */; };
		D6D4F65B1E082CC3008FE720 /* SourceEditorExtension.swift in Sources */ = {isa = PBXBuildFile; fileRef = D6D4F65A1E082CC3008FE720 /* SourceEditorExtension.swift */; };
		D6D4F65D1E082CC3008FE720 /* SourceEditorCommand.swift in Sources */ = {isa = PBXBuildFile; fileRef = D6D4F65C1E082CC3008FE720 /* SourceEditorCommand.swift */; };
		D6D4F6611E082CC3008FE720 /* AllenExtension.appex in Embed App Extensions */ = {isa = PBXBuildFile; fileRef = D6D4F6531E082CC3008FE720 /* AllenExtension.appex */; settings = {ATTRIBUTES = (RemoveHeadersOnCopy, ); }; };
/* End PBXBuildFile section */

/* Begin PBXContainerItemProxy section */
		D6D4F65F1E082CC3008FE720 /* PBXContainerItemProxy */ = {
			isa = PBXContainerItemProxy;
			containerPortal = D6D4F6351E082C49008FE720 /* Project object */;
			proxyType = 1;
			remoteGlobalIDString = D6D4F6521E082CC3008FE720;
			remoteInfo = AllenExtension;
		};
/* End PBXContainerItemProxy section */

/* Begin PBXCopyFilesBuildPhase section */
		D6D4F6651E082CC3008FE720 /* Embed App Extensions */ = {
			isa = PBXCopyFilesBuildPhase;
			buildActionMask = 2147483647;
			dstPath = "";
			dstSubfolderSpec = 13;
			files = (
				D6D4F6611E082CC3008FE720 /* AllenExtension.appex in Embed App Extensions */,
			);
			name = "Embed App Extensions";
			runOnlyForDeploymentPostprocessing = 0;
		};
/* End PBXCopyFilesBuildPhase section */

/* Begin PBXFileReference section */
		D6D4F63D1E082C49008FE720 /* Allen.app */ = {isa = PBXFileReference; explicitFileType = wrapper.application; includeInIndex = 0; path = Allen.app; sourceTree = BUILT_PRODUCTS_DIR; };
		D6D4F6401E082C49008FE720 /* AppDelegate.swift */ = {isa = PBXFileReference; lastKnownFileType = sourcecode.swift; path = AppDelegate.swift; sourceTree = "<group>"; };
		D6D4F6421E082C49008FE720 /* ViewController.swift */ = {isa = PBXFileReference; lastKnownFileType = sourcecode.swift; path = ViewController.swift; sourceTree = "<group>"; };
		D6D4F6441E082C49008FE720 /* Assets.xcassets */ = {isa = PBXFileReference; lastKnownFileType = folder.assetcatalog; path = Assets.xcassets; sourceTree = "<group>"; };
		D6D4F6471E082C49008FE720 /* Base */ = {isa = PBXFileReference; lastKnownFileType = file.storyboard; name = Base; path = Base.lproj/Main.storyboard; sourceTree = "<group>"; };
		D6D4F6491E082C49008FE720 /* Info.plist */ = {isa = PBXFileReference; lastKnownFileType = text.plist.xml; path = Info.plist; sourceTree = "<group>"; };
		D6D4F6531E082CC3008FE720 /* AllenExtension.appex */ = {isa = PBXFileReference; explicitFileType = "wrapper.app-extension"; includeInIndex = 0; path = AllenExtension.appex; sourceTree = BUILT_PRODUCTS_DIR; };
		D6D4F6551E082CC3008FE720 /* Cocoa.framework */ = {isa = PBXFileReference; lastKnownFileType = wrapper.framework; name = Cocoa.framework; path = System/Library/Frameworks/Cocoa.framework; sourceTree = SDKROOT; };
		D6D4F6591E082CC3008FE720 /* AllenExtension.entitlements */ = {isa = PBXFileReference; lastKnownFileType = text.plist.entitlements; path = AllenExtension.entitlements; sourceTree = "<group>"; };
		D6D4F65A1E082CC3008FE720 /* SourceEditorExtension.swift */ = {isa = PBXFileReference; lastKnownFileType = sourcecode.swift; path = SourceEditorExtension.swift; sourceTree = "<group>"; };
		D6D4F65C1E082CC3008FE720 /* SourceEditorCommand.swift */ = {isa = PBXFileReference; lastKnownFileType = sourcecode.swift; path = SourceEditorCommand.swift; sourceTree = "<group>"; };
		D6D4F65E1E082CC3008FE720 /* Info.plist */ = {isa = PBXFileReference; lastKnownFileType = text.plist.xml; path = Info.plist; sourceTree = "<group>"; };
/* End PBXFileReference section */

/* Begin PBXFrameworksBuildPhase section */
		D6D4F63A1E082C49008FE720 /* Frameworks */ = {
			isa = PBXFrameworksBuildPhase;
			buildActionMask = 2147483647;
			files = (
			);
			runOnlyForDeploymentPostprocessing = 0;
		};
		D6D4F6501E082CC3008FE720 /* Frameworks */ = {
			isa = PBXFrameworksBuildPhase;
			buildActionMask = 2147483647;
			files = (
				D6D4F6561E082CC3008FE720 /* Cocoa.framework in Frameworks */,
			);
			runOnlyForDeploymentPostprocessing = 0;
		};
/* End PBXFrameworksBuildPhase section */

/* Begin PBXGroup section */
		D6D4F6341E082C49008FE720 = {
			isa = PBXGroup;
			children = (
				D6D4F63F1E082C49008FE720 /* Allen */,
				D6D4F6571E082CC3008FE720 /* AllenExtension */,
				D6D4F6541E082CC3008FE720 /* Frameworks */,
				D6D4F63E1E082C49008FE720 /* Products */,
			);
			sourceTree = "<group>";
		};
		D6D4F63E1E082C49008FE720 /* Products */ = {
			isa = PBXGroup;
			children = (
				D6D4F63D1E082C49008FE720 /* Allen.app */,
				D6D4F6531E082CC3008FE720 /* AllenExtension.appex */,
			);
			name = Products;
			sourceTree = "<group>";
		};
		D6D4F63F1E082C49008FE720 /* Allen */ = {
			isa = PBXGroup;
			children = (
				D6D4F6401E082C49008FE720 /* AppDelegate.swift */,
				D6D4F6421E082C49008FE720 /* ViewController.swift */,
				D6D4F6441E082C49008FE720 /* Assets.xcassets */,
				D6D4F6461E082C49008FE720 /* Main.storyboard */,
				D6D4F6491E082C49008FE720 /* Info.plist */,
			);
			path = Allen;
			sourceTree = "<group>";
		};
		D6D4F6541E082CC3008FE720 /* Frameworks */ = {
			isa = PBXGroup;
			children = (
				D6D4F6551E082CC3008FE720 /* Cocoa.framework */,
			);
			name = Frameworks;
			sourceTree = "<group>";
		};
		D6D4F6571E082CC3008FE720 /* AllenExtension */ = {
			isa = PBXGroup;
			children = (
				D6D4F65A1E082CC3008FE720 /* SourceEditorExtension.swift */,
				D6D4F65C1E082CC3008FE720 /* SourceEditorCommand.swift */,
				D6D4F65E1E082CC3008FE720 /* Info.plist */,
				D6D4F6581E082CC3008FE720 /* Supporting Files */,
			);
			path = AllenExtension;
			sourceTree = "<group>";
		};
		D6D4F6581E082CC3008FE720 /* Supporting Files */ = {
			isa = PBXGroup;
			children = (
				D6D4F6591E082CC3008FE720 /* AllenExtension.entitlements */,
			);
			name = "Supporting Files";
			sourceTree = "<group>";
		};
/* End PBXGroup section */

/* Begin PBXNativeTarget section */
		D6D4F63C1E082C49008FE720 /* Allen */ = {
			isa = PBXNativeTarget;
			buildConfigurationList = D6D4F64C1E082C49008FE720 /* Build configuration list for PBXNativeTarget "Allen" */;
			buildPhases = (
				D6D4F6391E082C49008FE720 /* Sources */,
				D6D4F63A1E082C49008FE720 /* Frameworks */,
				D6D4F63B1E082C49008FE720 /* Resources */,
				D6D4F6651E082CC3008FE720 /* Embed App Extensions */,
			);
			buildRules = (
			);
			dependencies = (
				D6D4F6601E082CC3008FE720 /* PBXTargetDependency */,
			);
			name = Allen;
			productName = Allen;
			productReference = D6D4F63D1E082C49008FE720 /* Allen.app */;
			productType = "com.apple.product-type.application";
		};
		D6D4F6521E082CC3008FE720 /* AllenExtension */ = {
			isa = PBXNativeTarget;
			buildConfigurationList = D6D4F6621E082CC3008FE720 /* Build configuration list for PBXNativeTarget "AllenExtension" */;
			buildPhases = (
				D6D4F64F1E082CC3008FE720 /* Sources */,
				D6D4F6501E082CC3008FE720 /* Frameworks */,
				D6D4F6511E082CC3008FE720 /* Resources */,
			);
			buildRules = (
			);
			dependencies = (
			);
			name = AllenExtension;
			productName = AllenExtension;
			productReference = D6D4F6531E082CC3008FE720 /* AllenExtension.appex */;
			productType = "com.apple.product-type.xcode-extension";
		};
/* End PBXNativeTarget section */

/* Begin PBXProject section */
		D6D4F6351E082C49008FE720 /* Project object */ = {
			isa = PBXProject;
			attributes = {
				LastSwiftUpdateCheck = 0820;
				LastUpgradeCheck = 0820;
				ORGANIZATIONNAME = "Shunsuke Sato";
				TargetAttributes = {
					D6D4F63C1E082C49008FE720 = {
						CreatedOnToolsVersion = 8.2;
						ProvisioningStyle = Automatic;
					};
					D6D4F6521E082CC3008FE720 = {
						CreatedOnToolsVersion = 8.2;
						ProvisioningStyle = Automatic;
					};
				};
			};
			buildConfigurationList = D6D4F6381E082C49008FE720 /* Build configuration list for PBXProject "Allen" */;
			compatibilityVersion = "Xcode 3.2";
			developmentRegion = English;
			hasScannedForEncodings = 0;
			knownRegions = (
				en,
				Base,
			);
			mainGroup = D6D4F6341E082C49008FE720;
			productRefGroup = D6D4F63E1E082C49008FE720 /* Products */;
			projectDirPath = "";
			projectRoot = "";
			targets = (
				D6D4F63C1E082C49008FE720 /* Allen */,
				D6D4F6521E082CC3008FE720 /* AllenExtension */,
			);
		};
/* End PBXProject section */

/* Begin PBXResourcesBuildPhase section */
		D6D4F63B1E082C49008FE720 /* Resources */ = {
			isa = PBXResourcesBuildPhase;
			buildActionMask = 2147483647;
			files = (
				D6D4F6451E082C49008FE720 /* Assets.xcassets in Resources */,
				D6D4F6481E082C49008FE720 /* Main.storyboard in Resources */,
			);
			runOnlyForDeploymentPostprocessing = 0;
		};
		D6D4F6511E082CC3008FE720 /* Resources */ = {
			isa = PBXResourcesBuildPhase;
			buildActionMask = 2147483647;
			files = (
			);
			runOnlyForDeploymentPostprocessing = 0;
		};
/* End PBXResourcesBuildPhase section */

/* Begin PBXSourcesBuildPhase section */
		D6D4F6391E082C49008FE720 /* Sources */ = {
			isa = PBXSourcesBuildPhase;
			buildActionMask = 2147483647;
			files = (
				D6D4F6431E082C49008FE720 /* ViewController.swift in Sources */,
				D6D4F6411E082C49008FE720 /* AppDelegate.swift in Sources */,
			);
			runOnlyForDeploymentPostprocessing = 0;
		};
		D6D4F64F1E082CC3008FE720 /* Sources */ = {
			isa = PBXSourcesBuildPhase;
			buildActionMask = 2147483647;
			files = (
				D6D4F65B1E082CC3008FE720 /* SourceEditorExtension.swift in Sources */,
				D6D4F65D1E082CC3008FE720 /* SourceEditorCommand.swift in Sources */,
			);
			runOnlyForDeploymentPostprocessing = 0;
		};
/* End PBXSourcesBuildPhase section */

/* Begin PBXTargetDependency section */
		D6D4F6601E082CC3008FE720 /* PBXTargetDependency */ = {
			isa = PBXTargetDependency;
			target = D6D4F6521E082CC3008FE720 /* AllenExtension */;
			targetProxy = D6D4F65F1E082CC3008FE720 /* PBXContainerItemProxy */;
		};
/* End PBXTargetDependency section */

/* Begin PBXVariantGroup section */
		D6D4F6461E082C49008FE720 /* Main.storyboard */ = {
			isa = PBXVariantGroup;
			children = (
				D6D4F6471E082C49008FE720 /* Base */,
			);
			name = Main.storyboard;
			sourceTree = "<group>";
		};
/* End PBXVariantGroup section */

/* Begin XCBuildConfiguration section */
		D6D4F64A1E082C49008FE720 /* Debug */ = {
			isa = XCBuildConfiguration;
			buildSettings = {
				ALWAYS_SEARCH_USER_PATHS = NO;
				CLANG_ANALYZER_NONNULL = YES;
				CLANG_CXX_LANGUAGE_STANDARD = "gnu++0x";
				CLANG_CXX_LIBRARY = "libc++";
				CLANG_ENABLE_MODULES = YES;
				CLANG_ENABLE_OBJC_ARC = YES;
				CLANG_WARN_BOOL_CONVERSION = YES;
				CLANG_WARN_CONSTANT_CONVERSION = YES;
				CLANG_WARN_DIRECT_OBJC_ISA_USAGE = YES_ERROR;
				CLANG_WARN_DOCUMENTATION_COMMENTS = YES;
				CLANG_WARN_EMPTY_BODY = YES;
				CLANG_WARN_ENUM_CONVERSION = YES;
				CLANG_WARN_INFINITE_RECURSION = YES;
				CLANG_WARN_INT_CONVERSION = YES;
				CLANG_WARN_OBJC_ROOT_CLASS = YES_ERROR;
				CLANG_WARN_SUSPICIOUS_MOVE = YES;
				CLANG_WARN_UNREACHABLE_CODE = YES;
				CLANG_WARN__DUPLICATE_METHOD_MATCH = YES;
				CODE_SIGN_IDENTITY = "-";
				COPY_PHASE_STRIP = NO;
				DEBUG_INFORMATION_FORMAT = dwarf;
				ENABLE_STRICT_OBJC_MSGSEND = YES;
				ENABLE_TESTABILITY = YES;
				GCC_C_LANGUAGE_STANDARD = gnu99;
				GCC_DYNAMIC_NO_PIC = NO;
				GCC_NO_COMMON_BLOCKS = YES;
				GCC_OPTIMIZATION_LEVEL = 0;
				GCC_PREPROCESSOR_DEFINITIONS = (
					"DEBUG=1",
					"$(inherited)",
				);
				GCC_WARN_64_TO_32_BIT_CONVERSION = YES;
				GCC_WARN_ABOUT_RETURN_TYPE = YES_ERROR;
				GCC_WARN_UNDECLARED_SELECTOR = YES;
				GCC_WARN_UNINITIALIZED_AUTOS = YES_AGGRESSIVE;
				GCC_WARN_UNUSED_FUNCTION = YES;
				GCC_WARN_UNUSED_VARIABLE = YES;
				MACOSX_DEPLOYMENT_TARGET = 10.12;
				MTL_ENABLE_DEBUG_INFO = YES;
				ONLY_ACTIVE_ARCH = YES;
				SDKROOT = macosx;
				SWIFT_ACTIVE_COMPILATION_CONDITIONS = DEBUG;
				SWIFT_OPTIMIZATION_LEVEL = "-Onone";
			};
			name = Debug;
		};
		D6D4F64B1E082C49008FE720 /* Release */ = {
			isa = XCBuildConfiguration;
			buildSettings = {
				ALWAYS_SEARCH_USER_PATHS = NO;
				CLANG_ANALYZER_NONNULL = YES;
				CLANG_CXX_LANGUAGE_STANDARD = "gnu++0x";
				CLANG_CXX_LIBRARY = "libc++";
				CLANG_ENABLE_MODULES = YES;
				CLANG_ENABLE_OBJC_ARC = YES;
				CLANG_WARN_BOOL_CONVERSION = YES;
				CLANG_WARN_CONSTANT_CONVERSION = YES;
				CLANG_WARN_DIRECT_OBJC_ISA_USAGE = YES_ERROR;
				CLANG_WARN_DOCUMENTATION_COMMENTS = YES;
				CLANG_WARN_EMPTY_BODY = YES;
				CLANG_WARN_ENUM_CONVERSION = YES;
				CLANG_WARN_INFINITE_RECURSION = YES;
				CLANG_WARN_INT_CONVERSION = YES;
				CLANG_WARN_OBJC_ROOT_CLASS = YES_ERROR;
				CLANG_WARN_SUSPICIOUS_MOVE = YES;
				CLANG_WARN_UNREACHABLE_CODE = YES;
				CLANG_WARN__DUPLICATE_METHOD_MATCH = YES;
				CODE_SIGN_IDENTITY = "-";
				COPY_PHASE_STRIP = NO;
				DEBUG_INFORMATION_FORMAT = "dwarf-with-dsym";
				ENABLE_NS_ASSERTIONS = NO;
				ENABLE_STRICT_OBJC_MSGSEND = YES;
				GCC_C_LANGUAGE_STANDARD = gnu99;
				GCC_NO_COMMON_BLOCKS = YES;
				GCC_WARN_64_TO_32_BIT_CONVERSION = YES;
				GCC_WARN_ABOUT_RETURN_TYPE = YES_ERROR;
				GCC_WARN_UNDECLARED_SELECTOR = YES;
				GCC_WARN_UNINITIALIZED_AUTOS = YES_AGGRESSIVE;
				GCC_WARN_UNUSED_FUNCTION = YES;
				GCC_WARN_UNUSED_VARIABLE = YES;
				MACOSX_DEPLOYMENT_TARGET = 10.12;
				MTL_ENABLE_DEBUG_INFO = NO;
				SDKROOT = macosx;
				SWIFT_OPTIMIZATION_LEVEL = "-Owholemodule";
			};
			name = Release;
		};
		D6D4F64D1E082C49008FE720 /* Debug */ = {
			isa = XCBuildConfiguration;
			buildSettings = {
				ALWAYS_EMBED_SWIFT_STANDARD_LIBRARIES = YES;
				ASSETCATALOG_COMPILER_APPICON_NAME = AppIcon;
				COMBINE_HIDPI_IMAGES = YES;
				INFOPLIST_FILE = Allen/Info.plist;
				LD_RUNPATH_SEARCH_PATHS = "$(inherited) @executable_path/../Frameworks";
				PRODUCT_BUNDLE_IDENTIFIER = moguraproject.allen.Allen;
				PRODUCT_NAME = "$(TARGET_NAME)";
				SWIFT_VERSION = 3.0;
			};
			name = Debug;
		};
		D6D4F64E1E082C49008FE720 /* Release */ = {
			isa = XCBuildConfiguration;
			buildSettings = {
				ALWAYS_EMBED_SWIFT_STANDARD_LIBRARIES = YES;
				ASSETCATALOG_COMPILER_APPICON_NAME = AppIcon;
				COMBINE_HIDPI_IMAGES = YES;
				INFOPLIST_FILE = Allen/Info.plist;
				LD_RUNPATH_SEARCH_PATHS = "$(inherited) @executable_path/../Frameworks";
				PRODUCT_BUNDLE_IDENTIFIER = moguraproject.allen.Allen;
				PRODUCT_NAME = "$(TARGET_NAME)";
				SWIFT_VERSION = 3.0;
			};
			name = Release;
		};
		D6D4F6631E082CC3008FE720 /* Debug */ = {
			isa = XCBuildConfiguration;
			buildSettings = {
				CODE_SIGN_ENTITLEMENTS = AllenExtension/AllenExtension.entitlements;
				COMBINE_HIDPI_IMAGES = YES;
				INFOPLIST_FILE = AllenExtension/Info.plist;
				LD_RUNPATH_SEARCH_PATHS = "$(inherited) @executable_path/../Frameworks @executable_path/../../../../Frameworks";
				MACOSX_DEPLOYMENT_TARGET = 10.11;
				PRODUCT_BUNDLE_IDENTIFIER = moguraproject.allen.Allen.AllenExtension;
				PRODUCT_NAME = "$(TARGET_NAME)";
				SKIP_INSTALL = YES;
				SWIFT_VERSION = 3.0;
			};
			name = Debug;
		};
		D6D4F6641E082CC3008FE720 /* Release */ = {
			isa = XCBuildConfiguration;
			buildSettings = {
				CODE_SIGN_ENTITLEMENTS = AllenExtension/AllenExtension.entitlements;
				COMBINE_HIDPI_IMAGES = YES;
				INFOPLIST_FILE = AllenExtension/Info.plist;
				LD_RUNPATH_SEARCH_PATHS = "$(inherited) @executable_path/../Frameworks @executable_path/../../../../Frameworks";
				MACOSX_DEPLOYMENT_TARGET = 10.11;
				PRODUCT_BUNDLE_IDENTIFIER = moguraproject.allen.Allen.AllenExtension;
				PRODUCT_NAME = "$(TARGET_NAME)";
				SKIP_INSTALL = YES;
				SWIFT_VERSION = 3.0;
			};
			name = Release;
		};
/* End XCBuildConfiguration section */

/* Begin XCConfigurationList section */
		D6D4F6381E082C49008FE720 /* Build configuration list for PBXProject "Allen" */ = {
			isa = XCConfigurationList;
			buildConfigurations = (
				D6D4F64A1E082C49008FE720 /* Debug */,
				D6D4F64B1E082C49008FE720 /* Release */,
			);
			defaultConfigurationIsVisible = 0;
			defaultConfigurationName = Release;
		};
		D6D4F64C1E082C49008FE720 /* Build configuration list for PBXNativeTarget "Allen" */ = {
			isa = XCConfigurationList;
			buildConfigurations = (
				D6D4F64D1E082C49008FE720 /* Debug */,
				D6D4F64E1E082C49008FE720 /* Release */,
			);
			defaultConfigurationIsVisible = 0;
		};
		D6D4F6621E082CC3008FE720 /* Build configuration list for PBXNativeTarget "AllenExtension" */ = {
			isa = XCConfigurationList;
			buildConfigurations = (
				D6D4F6631E082CC3008FE720 /* Debug */,
				D6D4F6641E082CC3008FE720 /* Release */,
			);
			defaultConfigurationIsVisible = 0;
		};
/* End XCConfigurationList section */
	};
	rootObject = D6D4F6351E082C49008FE720 /* Project object */;
}
